
Microsoft Visual Studio Solution File, Format Version 12.00
# Visual Studio Version 17
VisualStudioVersion = 17.0.31903.59
MinimumVisualStudioVersion = 10.0.40219.1
Project("{9A19103F-16F7-4668-BE54-9A1E7A4F7556}") = "BlazorSignalProxyServices.Core", "BlazorSignalProxyServices.Core\BlazorSignalProxyServices.Core.csproj", "{49D8D8B5-E70B-4700-8CC7-C0427C17D809}"
EndProject
Project("{9A19103F-16F7-4668-BE54-9A1E7A4F7556}") = "BlazorSignalProxyServices.Client", "BlazorSignalProxyServices.Client\BlazorSignalProxyServices.Client.csproj", "{A32F364C-DA81-4F0A-B25C-2DC6109EF4B3}"
EndProject
Project("{9A19103F-16F7-4668-BE54-9A1E7A4F7556}") = "BlazorSignalProxyServices.Server", "BlazorSignalProxyServices.Server\BlazorSignalProxyServices.Server.csproj", "{030C0D06-5DB0-4477-B544-B07192161731}"
EndProject
Project("{2150E333-8FDC-42A3-9474-1A3956D46DE8}") = "Solution Items", "Solution Items", "{11D7190B-9354-4074-96CB-1F00AD67E46F}"
	ProjectSection(SolutionItems) = preProject
		.editorconfig = .editorconfig
		.gitignore = .gitignore
		CLAUDE.md = CLAUDE.md
		Directory.Build.props = Directory.Build.props
		global.json = global.json
		LICENSE = LICENSE
	EndProjectSection
EndProject
Project("{2150E333-8FDC-42A3-9474-1A3956D46DE8}") = ".github", ".github", "{D6BC7BDC-A8BC-4890-8F64-B0DFC80D3CA7}"
	ProjectSection(SolutionItems) = preProject
		.github\workflows\ci.yml = .github\workflows\ci.yml
		.github\workflows\nuget-publish.yml = .github\workflows\nuget-publish.yml
		.github\workflows\publish-nuget.yml = .github\workflows\publish-nuget.yml
	EndProjectSection
EndProject
Global
	GlobalSection(SolutionConfigurationPlatforms) = preSolution
		Debug|Any CPU = Debug|Any CPU
		Release|Any CPU = Release|Any CPU
	EndGlobalSection
	GlobalSection(ProjectConfigurationPlatforms) = postSolution
		{49D8D8B5-E70B-4700-8CC7-C0427C17D809}.Debug|Any CPU.ActiveCfg = Debug|Any CPU
		{49D8D8B5-E70B-4700-8CC7-C0427C17D809}.Debug|Any CPU.Build.0 = Debug|Any CPU
		{49D8D8B5-E70B-4700-8CC7-C0427C17D809}.Release|Any CPU.ActiveCfg = Release|Any CPU
		{49D8D8B5-E70B-4700-8CC7-C0427C17D809}.Release|Any CPU.Build.0 = Release|Any CPU
		{A32F364C-DA81-4F0A-B25C-2DC6109EF4B3}.Debug|Any CPU.ActiveCfg = Debug|Any CPU
		{A32F364C-DA81-4F0A-B25C-2DC6109EF4B3}.Debug|Any CPU.Build.0 = Debug|Any CPU
		{A32F364C-DA81-4F0A-B25C-2DC6109EF4B3}.Release|Any CPU.ActiveCfg = Release|Any CPU
		{A32F364C-DA81-4F0A-B25C-2DC6109EF4B3}.Release|Any CPU.Build.0 = Release|Any CPU
		{030C0D06-5DB0-4477-B544-B07192161731}.Debug|Any CPU.ActiveCfg = Debug|Any CPU
		{030C0D06-5DB0-4477-B544-B07192161731}.Debug|Any CPU.Build.0 = Debug|Any CPU
		{030C0D06-5DB0-4477-B544-B07192161731}.Release|Any CPU.ActiveCfg = Release|Any CPU
		{030C0D06-5DB0-4477-B544-B07192161731}.Release|Any CPU.Build.0 = Release|Any CPU
	EndGlobalSection
	GlobalSection(SolutionProperties) = preSolution
		HideSolutionNode = FALSE
	EndGlobalSection
	GlobalSection(NestedProjects) = preSolution
		{D6BC7BDC-A8BC-4890-8F64-B0DFC80D3CA7} = {11D7190B-9354-4074-96CB-1F00AD67E46F}
	EndGlobalSection
	GlobalSection(ExtensibilityGlobals) = postSolution
		SolutionGuid = {B66E92A5-761D-44FF-8DC5-F28799DF36D8}
	EndGlobalSection
EndGlobal
